
Microsoft Visual Studio Solution File, Format Version 12.00
# Visual Studio Version 16
VisualStudioVersion = 16.0.29709.97
MinimumVisualStudioVersion = 10.0.40219.1
Project("{FAE04EC0-301F-11D3-BF4B-00C04F79EFBC}") = "WebApi", "WebApi\WebApi.csproj", "{AA4EDE92-C188-4032-A184-C13E4D938852}"
EndProject
Global
	GlobalSection(SolutionConfigurationPlatforms) = preSolution
		Debug|Any CPU = Debug|Any CPU
		Release|Any CPU = Release|Any CPU
	EndGlobalSection
	GlobalSection(ProjectConfigurationPlatforms) = postSolution
		{AA4EDE92-C188-4032-A184-C13E4D938852}.Debug|Any CPU.ActiveCfg = Debug|Any CPU
		{AA4EDE92-C188-4032-A184-C13E4D938852}.Debug|Any CPU.Build.0 = Debug|Any CPU
		{AA4EDE92-C188-4032-A184-C13E4D938852}.Release|Any CPU.ActiveCfg = Release|Any CPU
		{AA4EDE92-C188-4032-A184-C13E4D938852}.Release|Any CPU.Build.0 = Release|Any CPU
	EndGlobalSection
	GlobalSection(SolutionProperties) = preSolution
		HideSolutionNode = FALSE
	EndGlobalSection
	GlobalSection(ExtensibilityGlobals) = postSolution
		SolutionGuid = {D5401EE9-A6DB-43E0-9B55-E66BE767AFBD}
	EndGlobalSection
EndGlobal
